
Microsoft Visual Studio Solution File, Format Version 12.00
# Visual Studio 15
VisualStudioVersion = 15.0.28010.2019
MinimumVisualStudioVersion = 10.0.40219.1
Project("{FAE04EC0-301F-11D3-BF4B-00C04F79EFBC}") = "Diplomna", "Diplomna\Diplomna.csproj", "{67A4CD9A-C2FA-44DE-9A82-0ED833B0C5CE}"
EndProject
Global
	GlobalSection(SolutionConfigurationPlatforms) = preSolution
		Debug|Any CPU = Debug|Any CPU
		Release|Any CPU = Release|Any CPU
	EndGlobalSection
	GlobalSection(ProjectConfigurationPlatforms) = postSolution
		{67A4CD9A-C2FA-44DE-9A82-0ED833B0C5CE}.Debug|Any CPU.ActiveCfg = Debug|Any CPU
		{67A4CD9A-C2FA-44DE-9A82-0ED833B0C5CE}.Debug|Any CPU.Build.0 = Debug|Any CPU
		{67A4CD9A-C2FA-44DE-9A82-0ED833B0C5CE}.Release|Any CPU.ActiveCfg = Release|Any CPU
		{67A4CD9A-C2FA-44DE-9A82-0ED833B0C5CE}.Release|Any CPU.Build.0 = Release|Any CPU
	EndGlobalSection
	GlobalSection(SolutionProperties) = preSolution
		HideSolutionNode = FALSE
	EndGlobalSection
	GlobalSection(ExtensibilityGlobals) = postSolution
		SolutionGuid = {2D7163BD-33F9-4EEF-BBD5-150FC8D9E062}
	EndGlobalSection
EndGlobal
